// !$*UTF8*$!
{
	archiveVersion = 1;
	classes = {
	};
	objectVersion = 56;
	objects = {

/* Begin PBXBuildFile section */
		5703DAB929434F8000650BD7 /* MugButton.swift in Sources */ = {isa = PBXBuildFile; fileRef = 5703DAB829434F8000650BD7 /* MugButton.swift */; };
		5703DABB294354B200650BD7 /* MugTypeToggle.swift in Sources */ = {isa = PBXBuildFile; fileRef = 5703DABA294354B200650BD7 /* MugTypeToggle.swift */; };
		57350C78293529E20065C9C3 /* ModelInterface.swift in Sources */ = {isa = PBXBuildFile; fileRef = 57350C77293529E20065C9C3 /* ModelInterface.swift */; };
		57350C7C29352A900065C9C3 /* MugCheckerVM.swift in Sources */ = {isa = PBXBuildFile; fileRef = 57350C7B29352A900065C9C3 /* MugCheckerVM.swift */; };
		57350C7E29352C120065C9C3 /* CoffeePurchase.swift in Sources */ = {isa = PBXBuildFile; fileRef = 57350C7D29352C120065C9C3 /* CoffeePurchase.swift */; };
		57350C8029352C550065C9C3 /* CoffeeSize.swift in Sources */ = {isa = PBXBuildFile; fileRef = 57350C7F29352C550065C9C3 /* CoffeeSize.swift */; };
		57350C8229352CE20065C9C3 /* MugType.swift in Sources */ = {isa = PBXBuildFile; fileRef = 57350C8129352CE20065C9C3 /* MugType.swift */; };
		57350CA129352E800065C9C3 /* MugCheckerARViewContainer.swift in Sources */ = {isa = PBXBuildFile; fileRef = 57350CA029352E800065C9C3 /* MugCheckerARViewContainer.swift */; };
		57350CA329353EA90065C9C3 /* Database.swift in Sources */ = {isa = PBXBuildFile; fileRef = 57350CA229353EA90065C9C3 /* Database.swift */; };
		57350CA6293544350065C9C3 /* CoffeeTrackerVM.swift in Sources */ = {isa = PBXBuildFile; fileRef = 57350CA5293544350065C9C3 /* CoffeeTrackerVM.swift */; };
		57350CA8293557760065C9C3 /* CoffeePrice.swift in Sources */ = {isa = PBXBuildFile; fileRef = 57350CA7293557760065C9C3 /* CoffeePrice.swift */; };
		577D281B29341F840076A691 /* iBecherApp.swift in Sources */ = {isa = PBXBuildFile; fileRef = 577D281A29341F840076A691 /* iBecherApp.swift */; };
		577D281D29341F840076A691 /* ContentView.swift in Sources */ = {isa = PBXBuildFile; fileRef = 577D281C29341F840076A691 /* ContentView.swift */; };
		577D281F29341F850076A691 /* Assets.xcassets in Resources */ = {isa = PBXBuildFile; fileRef = 577D281E29341F850076A691 /* Assets.xcassets */; };
		577D282229341F850076A691 /* Preview Assets.xcassets in Resources */ = {isa = PBXBuildFile; fileRef = 577D282129341F850076A691 /* Preview Assets.xcassets */; };
		577D282A293429E90076A691 /* MugCheckerARView.swift in Sources */ = {isa = PBXBuildFile; fileRef = 577D2829293429E90076A691 /* MugCheckerARView.swift */; };
		577D282C29342A1C0076A691 /* CoffeeTrackerView.swift in Sources */ = {isa = PBXBuildFile; fileRef = 577D282B29342A1C0076A691 /* CoffeeTrackerView.swift */; };
		577D282E29342AA30076A691 /* CoffeeConsumptionView.swift in Sources */ = {isa = PBXBuildFile; fileRef = 577D282D29342AA30076A691 /* CoffeeConsumptionView.swift */; };
		57911E652976CC8A0085079A /* CoffeeTrackerVM+SummarizedCoffeePurchases.swift in Sources */ = {isa = PBXBuildFile; fileRef = 57911E642976CC8A0085079A /* CoffeeTrackerVM+SummarizedCoffeePurchases.swift */; };
		57911E672977281B0085079A /* TotalCoffeePurchases.swift in Sources */ = {isa = PBXBuildFile; fileRef = 57911E662977281B0085079A /* TotalCoffeePurchases.swift */; };
		57B1CD82294E135F009A9283 /* TopLid.rcproject in Sources */ = {isa = PBXBuildFile; fileRef = 57B1CD81294E135F009A9283 /* TopLid.rcproject */; };
		57F13ED7297557EA000944F9 /* TimePeriod.swift in Sources */ = {isa = PBXBuildFile; fileRef = 57F13ED6297557EA000944F9 /* TimePeriod.swift */; };
		57F13ED92975A675000944F9 /* TabViewSelection.swift in Sources */ = {isa = PBXBuildFile; fileRef = 57F13ED82975A675000944F9 /* TabViewSelection.swift */; };
		57F24E062975FDE600B41EA3 /* TotalCoffeePurchasesView.swift in Sources */ = {isa = PBXBuildFile; fileRef = 57F24E052975FDE600B41EA3 /* TotalCoffeePurchasesView.swift */; };
		57FD89972971658D00F7E4F0 /* CoffeePurchasesListView.swift in Sources */ = {isa = PBXBuildFile; fileRef = 57FD89962971658D00F7E4F0 /* CoffeePurchasesListView.swift */; };
		57FD8999297175C100F7E4F0 /* CoffeePurchases.swift in Sources */ = {isa = PBXBuildFile; fileRef = 57FD8998297175C100F7E4F0 /* CoffeePurchases.swift */; };
		57FD899F29717D3100F7E4F0 /* Card.swift in Sources */ = {isa = PBXBuildFile; fileRef = 57FD899E29717D3100F7E4F0 /* Card.swift */; };
/* End PBXBuildFile section */

/* Begin PBXFileReference section */
		5703DAB829434F8000650BD7 /* MugButton.swift */ = {isa = PBXFileReference; lastKnownFileType = sourcecode.swift; path = MugButton.swift; sourceTree = "<group>"; };
		5703DABA294354B200650BD7 /* MugTypeToggle.swift */ = {isa = PBXFileReference; lastKnownFileType = sourcecode.swift; path = MugTypeToggle.swift; sourceTree = "<group>"; };
		57350C77293529E20065C9C3 /* ModelInterface.swift */ = {isa = PBXFileReference; lastKnownFileType = sourcecode.swift; path = ModelInterface.swift; sourceTree = "<group>"; };
		57350C7B29352A900065C9C3 /* MugCheckerVM.swift */ = {isa = PBXFileReference; lastKnownFileType = sourcecode.swift; path = MugCheckerVM.swift; sourceTree = "<group>"; };
		57350C7D29352C120065C9C3 /* CoffeePurchase.swift */ = {isa = PBXFileReference; lastKnownFileType = sourcecode.swift; path = CoffeePurchase.swift; sourceTree = "<group>"; };
		57350C7F29352C550065C9C3 /* CoffeeSize.swift */ = {isa = PBXFileReference; lastKnownFileType = sourcecode.swift; path = CoffeeSize.swift; sourceTree = "<group>"; };
		57350C8129352CE20065C9C3 /* MugType.swift */ = {isa = PBXFileReference; lastKnownFileType = sourcecode.swift; path = MugType.swift; sourceTree = "<group>"; };
		57350CA029352E800065C9C3 /* MugCheckerARViewContainer.swift */ = {isa = PBXFileReference; lastKnownFileType = sourcecode.swift; path = MugCheckerARViewContainer.swift; sourceTree = "<group>"; };
		57350CA229353EA90065C9C3 /* Database.swift */ = {isa = PBXFileReference; lastKnownFileType = sourcecode.swift; path = Database.swift; sourceTree = "<group>"; };
		57350CA5293544350065C9C3 /* CoffeeTrackerVM.swift */ = {isa = PBXFileReference; lastKnownFileType = sourcecode.swift; path = CoffeeTrackerVM.swift; sourceTree = "<group>"; };
		57350CA7293557760065C9C3 /* CoffeePrice.swift */ = {isa = PBXFileReference; lastKnownFileType = sourcecode.swift; path = CoffeePrice.swift; sourceTree = "<group>"; };
		577D281729341F840076A691 /* iBecher.app */ = {isa = PBXFileReference; explicitFileType = wrapper.application; includeInIndex = 0; path = iBecher.app; sourceTree = BUILT_PRODUCTS_DIR; };
		577D281A29341F840076A691 /* iBecherApp.swift */ = {isa = PBXFileReference; lastKnownFileType = sourcecode.swift; path = iBecherApp.swift; sourceTree = "<group>"; };
		577D281C29341F840076A691 /* ContentView.swift */ = {isa = PBXFileReference; lastKnownFileType = sourcecode.swift; path = ContentView.swift; sourceTree = "<group>"; };
		577D281E29341F850076A691 /* Assets.xcassets */ = {isa = PBXFileReference; lastKnownFileType = folder.assetcatalog; path = Assets.xcassets; sourceTree = "<group>"; };
		577D282129341F850076A691 /* Preview Assets.xcassets */ = {isa = PBXFileReference; lastKnownFileType = folder.assetcatalog; path = "Preview Assets.xcassets"; sourceTree = "<group>"; };
		577D2829293429E90076A691 /* MugCheckerARView.swift */ = {isa = PBXFileReference; lastKnownFileType = sourcecode.swift; path = MugCheckerARView.swift; sourceTree = "<group>"; };
		577D282B29342A1C0076A691 /* CoffeeTrackerView.swift */ = {isa = PBXFileReference; lastKnownFileType = sourcecode.swift; path = CoffeeTrackerView.swift; sourceTree = "<group>"; };
		577D282D29342AA30076A691 /* CoffeeConsumptionView.swift */ = {isa = PBXFileReference; lastKnownFileType = sourcecode.swift; path = CoffeeConsumptionView.swift; sourceTree = "<group>"; };
		57911E642976CC8A0085079A /* CoffeeTrackerVM+SummarizedCoffeePurchases.swift */ = {isa = PBXFileReference; lastKnownFileType = sourcecode.swift; path = "CoffeeTrackerVM+SummarizedCoffeePurchases.swift"; sourceTree = "<group>"; };
		57911E662977281B0085079A /* TotalCoffeePurchases.swift */ = {isa = PBXFileReference; lastKnownFileType = sourcecode.swift; path = TotalCoffeePurchases.swift; sourceTree = "<group>"; };
		57B1CD81294E135F009A9283 /* TopLid.rcproject */ = {isa = PBXFileReference; lastKnownFileType = file.rcproject; path = TopLid.rcproject; sourceTree = "<group>"; };
		57F13ED6297557EA000944F9 /* TimePeriod.swift */ = {isa = PBXFileReference; lastKnownFileType = sourcecode.swift; path = TimePeriod.swift; sourceTree = "<group>"; };
		57F13ED82975A675000944F9 /* TabViewSelection.swift */ = {isa = PBXFileReference; lastKnownFileType = sourcecode.swift; path = TabViewSelection.swift; sourceTree = "<group>"; };
		57F24E052975FDE600B41EA3 /* TotalCoffeePurchasesView.swift */ = {isa = PBXFileReference; lastKnownFileType = sourcecode.swift; path = TotalCoffeePurchasesView.swift; sourceTree = "<group>"; };
		57FD89962971658D00F7E4F0 /* CoffeePurchasesListView.swift */ = {isa = PBXFileReference; lastKnownFileType = sourcecode.swift; path = CoffeePurchasesListView.swift; sourceTree = "<group>"; };
		57FD8998297175C100F7E4F0 /* CoffeePurchases.swift */ = {isa = PBXFileReference; lastKnownFileType = sourcecode.swift; path = CoffeePurchases.swift; sourceTree = "<group>"; };
		57FD899E29717D3100F7E4F0 /* Card.swift */ = {isa = PBXFileReference; lastKnownFileType = sourcecode.swift; path = Card.swift; sourceTree = "<group>"; };
/* End PBXFileReference section */

/* Begin PBXFrameworksBuildPhase section */
		577D281429341F840076A691 /* Frameworks */ = {
			isa = PBXFrameworksBuildPhase;
			buildActionMask = 2147483647;
			files = (
			);
			runOnlyForDeploymentPostprocessing = 0;
		};
/* End PBXFrameworksBuildPhase section */

/* Begin PBXGroup section */
		57350C732935291D0065C9C3 /* Widgets */ = {
			isa = PBXGroup;
			children = (
				57350CA029352E800065C9C3 /* MugCheckerARViewContainer.swift */,
				5703DAB829434F8000650BD7 /* MugButton.swift */,
				5703DABA294354B200650BD7 /* MugTypeToggle.swift */,
				57FD89962971658D00F7E4F0 /* CoffeePurchasesListView.swift */,
				57FD899E29717D3100F7E4F0 /* Card.swift */,
				57F24E052975FDE600B41EA3 /* TotalCoffeePurchasesView.swift */,
			);
			path = Widgets;
			sourceTree = "<group>";
		};
		57350C742935293B0065C9C3 /* Models */ = {
			isa = PBXGroup;
			children = (
				57350CA429353FC40065C9C3 /* Types */,
				57350CA229353EA90065C9C3 /* Database.swift */,
				57350CA7293557760065C9C3 /* CoffeePrice.swift */,
			);
			path = Models;
			sourceTree = "<group>";
		};
		57350C75293529430065C9C3 /* ViewModels */ = {
			isa = PBXGroup;
			children = (
				57350C7B29352A900065C9C3 /* MugCheckerVM.swift */,
				57350CA5293544350065C9C3 /* CoffeeTrackerVM.swift */,
			);
			path = ViewModels;
			sourceTree = "<group>";
		};
		57350C76293529D40065C9C3 /* Utils */ = {
			isa = PBXGroup;
			children = (
				57350C77293529E20065C9C3 /* ModelInterface.swift */,
			);
			path = Utils;
			sourceTree = "<group>";
		};
		57350CA429353FC40065C9C3 /* Types */ = {
			isa = PBXGroup;
			children = (
				57350C7F29352C550065C9C3 /* CoffeeSize.swift */,
				57350C8129352CE20065C9C3 /* MugType.swift */,
				57350C7D29352C120065C9C3 /* CoffeePurchase.swift */,
				57FD8998297175C100F7E4F0 /* CoffeePurchases.swift */,
				57F13ED6297557EA000944F9 /* TimePeriod.swift */,
				57F13ED82975A675000944F9 /* TabViewSelection.swift */,
				57911E662977281B0085079A /* TotalCoffeePurchases.swift */,
			);
			path = Types;
			sourceTree = "<group>";
		};
		577D280E29341F840076A691 = {
			isa = PBXGroup;
			children = (
				577D281929341F840076A691 /* iBecher */,
				577D281829341F840076A691 /* Products */,
			);
			sourceTree = "<group>";
		};
		577D281829341F840076A691 /* Products */ = {
			isa = PBXGroup;
			children = (
				577D281729341F840076A691 /* iBecher.app */,
			);
			name = Products;
			sourceTree = "<group>";
		};
		577D281929341F840076A691 /* iBecher */ = {
			isa = PBXGroup;
			children = (
				57911E632976CC6A0085079A /* Extensions */,
				57BD48B8294BCE4A009252B5 /* 3DModels */,
				57350C76293529D40065C9C3 /* Utils */,
				57350C75293529430065C9C3 /* ViewModels */,
				57350C742935293B0065C9C3 /* Models */,
				57350C732935291D0065C9C3 /* Widgets */,
				577D2828293429C70076A691 /* Screens */,
				577D281A29341F840076A691 /* iBecherApp.swift */,
				577D281C29341F840076A691 /* ContentView.swift */,
				577D281E29341F850076A691 /* Assets.xcassets */,
				577D282029341F850076A691 /* Preview Content */,
			);
			path = iBecher;
			sourceTree = "<group>";
		};
		577D282029341F850076A691 /* Preview Content */ = {
			isa = PBXGroup;
			children = (
				577D282129341F850076A691 /* Preview Assets.xcassets */,
			);
			path = "Preview Content";
			sourceTree = "<group>";
		};
		577D2828293429C70076A691 /* Screens */ = {
			isa = PBXGroup;
			children = (
				577D2829293429E90076A691 /* MugCheckerARView.swift */,
				577D282B29342A1C0076A691 /* CoffeeTrackerView.swift */,
				577D282D29342AA30076A691 /* CoffeeConsumptionView.swift */,
			);
			path = Screens;
			sourceTree = "<group>";
		};
		57911E632976CC6A0085079A /* Extensions */ = {
			isa = PBXGroup;
			children = (
				57911E642976CC8A0085079A /* CoffeeTrackerVM+SummarizedCoffeePurchases.swift */,
			);
			path = Extensions;
			sourceTree = "<group>";
		};
		57BD48B8294BCE4A009252B5 /* 3DModels */ = {
			isa = PBXGroup;
			children = (
				57B1CD81294E135F009A9283 /* TopLid.rcproject */,
			);
			path = 3DModels;
			sourceTree = "<group>";
		};
/* End PBXGroup section */

/* Begin PBXNativeTarget section */
		577D281629341F840076A691 /* iBecher */ = {
			isa = PBXNativeTarget;
			buildConfigurationList = 577D282529341F850076A691 /* Build configuration list for PBXNativeTarget "iBecher" */;
			buildPhases = (
				577D281329341F840076A691 /* Sources */,
				577D281429341F840076A691 /* Frameworks */,
				577D281529341F840076A691 /* Resources */,
			);
			buildRules = (
			);
			dependencies = (
			);
			name = iBecher;
			productName = iBecher;
			productReference = 577D281729341F840076A691 /* iBecher.app */;
			productType = "com.apple.product-type.application";
		};
/* End PBXNativeTarget section */

/* Begin PBXProject section */
		577D280F29341F840076A691 /* Project object */ = {
			isa = PBXProject;
			attributes = {
				BuildIndependentTargetsInParallel = 1;
				LastSwiftUpdateCheck = 1410;
				LastUpgradeCheck = 1410;
				TargetAttributes = {
					577D281629341F840076A691 = {
						CreatedOnToolsVersion = 14.1;
					};
				};
			};
			buildConfigurationList = 577D281229341F840076A691 /* Build configuration list for PBXProject "iBecher" */;
			compatibilityVersion = "Xcode 14.0";
			developmentRegion = en;
			hasScannedForEncodings = 0;
			knownRegions = (
				en,
				Base,
			);
			mainGroup = 577D280E29341F840076A691;
			productRefGroup = 577D281829341F840076A691 /* Products */;
			projectDirPath = "";
			projectRoot = "";
			targets = (
				577D281629341F840076A691 /* iBecher */,
			);
		};
/* End PBXProject section */

/* Begin PBXResourcesBuildPhase section */
		577D281529341F840076A691 /* Resources */ = {
			isa = PBXResourcesBuildPhase;
			buildActionMask = 2147483647;
			files = (
				577D282229341F850076A691 /* Preview Assets.xcassets in Resources */,
				577D281F29341F850076A691 /* Assets.xcassets in Resources */,
			);
			runOnlyForDeploymentPostprocessing = 0;
		};
/* End PBXResourcesBuildPhase section */

/* Begin PBXSourcesBuildPhase section */
		577D281329341F840076A691 /* Sources */ = {
			isa = PBXSourcesBuildPhase;
			buildActionMask = 2147483647;
			files = (
				57350C8029352C550065C9C3 /* CoffeeSize.swift in Sources */,
				57F13ED7297557EA000944F9 /* TimePeriod.swift in Sources */,
				57911E672977281B0085079A /* TotalCoffeePurchases.swift in Sources */,
				57350CA129352E800065C9C3 /* MugCheckerARViewContainer.swift in Sources */,
				57350CA8293557760065C9C3 /* CoffeePrice.swift in Sources */,
				577D281D29341F840076A691 /* ContentView.swift in Sources */,
				577D282C29342A1C0076A691 /* CoffeeTrackerView.swift in Sources */,
				57350CA6293544350065C9C3 /* CoffeeTrackerVM.swift in Sources */,
				57F13ED92975A675000944F9 /* TabViewSelection.swift in Sources */,
				577D282A293429E90076A691 /* MugCheckerARView.swift in Sources */,
				57911E652976CC8A0085079A /* CoffeeTrackerVM+SummarizedCoffeePurchases.swift in Sources */,
				577D281B29341F840076A691 /* iBecherApp.swift in Sources */,
				57350C7E29352C120065C9C3 /* CoffeePurchase.swift in Sources */,
				577D282E29342AA30076A691 /* CoffeeConsumptionView.swift in Sources */,
				57FD8999297175C100F7E4F0 /* CoffeePurchases.swift in Sources */,
				57FD89972971658D00F7E4F0 /* CoffeePurchasesListView.swift in Sources */,
				57F24E062975FDE600B41EA3 /* TotalCoffeePurchasesView.swift in Sources */,
				5703DABB294354B200650BD7 /* MugTypeToggle.swift in Sources */,
				57350C8229352CE20065C9C3 /* MugType.swift in Sources */,
				57350C7C29352A900065C9C3 /* MugCheckerVM.swift in Sources */,
				57350CA329353EA90065C9C3 /* Database.swift in Sources */,
				57FD899F29717D3100F7E4F0 /* Card.swift in Sources */,
				57350C78293529E20065C9C3 /* ModelInterface.swift in Sources */,
				57B1CD82294E135F009A9283 /* TopLid.rcproject in Sources */,
				5703DAB929434F8000650BD7 /* MugButton.swift in Sources */,
			);
			runOnlyForDeploymentPostprocessing = 0;
		};
/* End PBXSourcesBuildPhase section */

/* Begin XCBuildConfiguration section */
		577D282329341F850076A691 /* Debug */ = {
			isa = XCBuildConfiguration;
			buildSettings = {
				ALWAYS_SEARCH_USER_PATHS = NO;
				CLANG_ANALYZER_NONNULL = YES;
				CLANG_ANALYZER_NUMBER_OBJECT_CONVERSION = YES_AGGRESSIVE;
				CLANG_CXX_LANGUAGE_STANDARD = "gnu++20";
				CLANG_ENABLE_MODULES = YES;
				CLANG_ENABLE_OBJC_ARC = YES;
				CLANG_ENABLE_OBJC_WEAK = YES;
				CLANG_WARN_BLOCK_CAPTURE_AUTORELEASING = YES;
				CLANG_WARN_BOOL_CONVERSION = YES;
				CLANG_WARN_COMMA = YES;
				CLANG_WARN_CONSTANT_CONVERSION = YES;
				CLANG_WARN_DEPRECATED_OBJC_IMPLEMENTATIONS = YES;
				CLANG_WARN_DIRECT_OBJC_ISA_USAGE = YES_ERROR;
				CLANG_WARN_DOCUMENTATION_COMMENTS = YES;
				CLANG_WARN_EMPTY_BODY = YES;
				CLANG_WARN_ENUM_CONVERSION = YES;
				CLANG_WARN_INFINITE_RECURSION = YES;
				CLANG_WARN_INT_CONVERSION = YES;
				CLANG_WARN_NON_LITERAL_NULL_CONVERSION = YES;
				CLANG_WARN_OBJC_IMPLICIT_RETAIN_SELF = YES;
				CLANG_WARN_OBJC_LITERAL_CONVERSION = YES;
				CLANG_WARN_OBJC_ROOT_CLASS = YES_ERROR;
				CLANG_WARN_QUOTED_INCLUDE_IN_FRAMEWORK_HEADER = YES;
				CLANG_WARN_RANGE_LOOP_ANALYSIS = YES;
				CLANG_WARN_STRICT_PROTOTYPES = YES;
				CLANG_WARN_SUSPICIOUS_MOVE = YES;
				CLANG_WARN_UNGUARDED_AVAILABILITY = YES_AGGRESSIVE;
				CLANG_WARN_UNREACHABLE_CODE = YES;
				CLANG_WARN__DUPLICATE_METHOD_MATCH = YES;
				COPY_PHASE_STRIP = NO;
				DEBUG_INFORMATION_FORMAT = dwarf;
				ENABLE_STRICT_OBJC_MSGSEND = YES;
				ENABLE_TESTABILITY = YES;
				GCC_C_LANGUAGE_STANDARD = gnu11;
				GCC_DYNAMIC_NO_PIC = NO;
				GCC_NO_COMMON_BLOCKS = YES;
				GCC_OPTIMIZATION_LEVEL = 0;
				GCC_PREPROCESSOR_DEFINITIONS = (
					"DEBUG=1",
					"$(inherited)",
				);
				GCC_WARN_64_TO_32_BIT_CONVERSION = YES;
				GCC_WARN_ABOUT_RETURN_TYPE = YES_ERROR;
				GCC_WARN_UNDECLARED_SELECTOR = YES;
				GCC_WARN_UNINITIALIZED_AUTOS = YES_AGGRESSIVE;
				GCC_WARN_UNUSED_FUNCTION = YES;
				GCC_WARN_UNUSED_VARIABLE = YES;
				IPHONEOS_DEPLOYMENT_TARGET = 16.1;
				MTL_ENABLE_DEBUG_INFO = INCLUDE_SOURCE;
				MTL_FAST_MATH = YES;
				ONLY_ACTIVE_ARCH = YES;
				SDKROOT = iphoneos;
				SWIFT_ACTIVE_COMPILATION_CONDITIONS = DEBUG;
				SWIFT_OPTIMIZATION_LEVEL = "-Onone";
			};
			name = Debug;
		};
		577D282429341F850076A691 /* Release */ = {
			isa = XCBuildConfiguration;
			buildSettings = {
				ALWAYS_SEARCH_USER_PATHS = NO;
				CLANG_ANALYZER_NONNULL = YES;
				CLANG_ANALYZER_NUMBER_OBJECT_CONVERSION = YES_AGGRESSIVE;
				CLANG_CXX_LANGUAGE_STANDARD = "gnu++20";
				CLANG_ENABLE_MODULES = YES;
				CLANG_ENABLE_OBJC_ARC = YES;
				CLANG_ENABLE_OBJC_WEAK = YES;
				CLANG_WARN_BLOCK_CAPTURE_AUTORELEASING = YES;
				CLANG_WARN_BOOL_CONVERSION = YES;
				CLANG_WARN_COMMA = YES;
				CLANG_WARN_CONSTANT_CONVERSION = YES;
				CLANG_WARN_DEPRECATED_OBJC_IMPLEMENTATIONS = YES;
				CLANG_WARN_DIRECT_OBJC_ISA_USAGE = YES_ERROR;
				CLANG_WARN_DOCUMENTATION_COMMENTS = YES;
				CLANG_WARN_EMPTY_BODY = YES;
				CLANG_WARN_ENUM_CONVERSION = YES;
				CLANG_WARN_INFINITE_RECURSION = YES;
				CLANG_WARN_INT_CONVERSION = YES;
				CLANG_WARN_NON_LITERAL_NULL_CONVERSION = YES;
				CLANG_WARN_OBJC_IMPLICIT_RETAIN_SELF = YES;
				CLANG_WARN_OBJC_LITERAL_CONVERSION = YES;
				CLANG_WARN_OBJC_ROOT_CLASS = YES_ERROR;
				CLANG_WARN_QUOTED_INCLUDE_IN_FRAMEWORK_HEADER = YES;
				CLANG_WARN_RANGE_LOOP_ANALYSIS = YES;
				CLANG_WARN_STRICT_PROTOTYPES = YES;
				CLANG_WARN_SUSPICIOUS_MOVE = YES;
				CLANG_WARN_UNGUARDED_AVAILABILITY = YES_AGGRESSIVE;
				CLANG_WARN_UNREACHABLE_CODE = YES;
				CLANG_WARN__DUPLICATE_METHOD_MATCH = YES;
				COPY_PHASE_STRIP = NO;
				DEBUG_INFORMATION_FORMAT = "dwarf-with-dsym";
				ENABLE_NS_ASSERTIONS = NO;
				ENABLE_STRICT_OBJC_MSGSEND = YES;
				GCC_C_LANGUAGE_STANDARD = gnu11;
				GCC_NO_COMMON_BLOCKS = YES;
				GCC_WARN_64_TO_32_BIT_CONVERSION = YES;
				GCC_WARN_ABOUT_RETURN_TYPE = YES_ERROR;
				GCC_WARN_UNDECLARED_SELECTOR = YES;
				GCC_WARN_UNINITIALIZED_AUTOS = YES_AGGRESSIVE;
				GCC_WARN_UNUSED_FUNCTION = YES;
				GCC_WARN_UNUSED_VARIABLE = YES;
				IPHONEOS_DEPLOYMENT_TARGET = 16.1;
				MTL_ENABLE_DEBUG_INFO = NO;
				MTL_FAST_MATH = YES;
				SDKROOT = iphoneos;
				SWIFT_COMPILATION_MODE = wholemodule;
				SWIFT_OPTIMIZATION_LEVEL = "-O";
				VALIDATE_PRODUCT = YES;
			};
			name = Release;
		};
		577D282629341F850076A691 /* Debug */ = {
			isa = XCBuildConfiguration;
			buildSettings = {
				ASSETCATALOG_COMPILER_APPICON_NAME = AppIcon;
				ASSETCATALOG_COMPILER_GLOBAL_ACCENT_COLOR_NAME = AccentColor;
				CODE_SIGN_STYLE = Automatic;
				CURRENT_PROJECT_VERSION = 1;
				DEVELOPMENT_ASSET_PATHS = "\"iBecher/Preview Content\"";
				DEVELOPMENT_TEAM = H7X3PKN5TK;
				ENABLE_PREVIEWS = YES;
				GENERATE_INFOPLIST_FILE = YES;
				INFOPLIST_FILE = iBecher/Info.plist;
				INFOPLIST_KEY_LSApplicationCategoryType = "";
				INFOPLIST_KEY_NSCameraUsageDescription = "Bevor ich dir sagen kann, ob deine Tasse in den Automaten passt, brauche ich Zugriff auf deine Kamera.";
				INFOPLIST_KEY_UIApplicationSceneManifest_Generation = YES;
				INFOPLIST_KEY_UIApplicationSupportsIndirectInputEvents = YES;
				INFOPLIST_KEY_UILaunchScreen_Generation = YES;
				INFOPLIST_KEY_UIRequiredDeviceCapabilities = arkit;
				INFOPLIST_KEY_UISupportedInterfaceOrientations_iPad = "UIInterfaceOrientationPortrait UIInterfaceOrientationPortraitUpsideDown UIInterfaceOrientationLandscapeLeft UIInterfaceOrientationLandscapeRight";
				INFOPLIST_KEY_UISupportedInterfaceOrientations_iPhone = "UIInterfaceOrientationPortrait UIInterfaceOrientationLandscapeLeft UIInterfaceOrientationLandscapeRight";
				LD_RUNPATH_SEARCH_PATHS = (
					"$(inherited)",
					"@executable_path/Frameworks",
				);
				MARKETING_VERSION = 1.0;
				PRODUCT_BUNDLE_IDENTIFIER = timwagner.iBecher;
				PRODUCT_NAME = "$(TARGET_NAME)";
				SWIFT_EMIT_LOC_STRINGS = YES;
				SWIFT_VERSION = 5.0;
				TARGETED_DEVICE_FAMILY = "1,2";
			};
			name = Debug;
		};
		577D282729341F850076A691 /* Release */ = {
			isa = XCBuildConfiguration;
			buildSettings = {
				ASSETCATALOG_COMPILER_APPICON_NAME = AppIcon;
				ASSETCATALOG_COMPILER_GLOBAL_ACCENT_COLOR_NAME = AccentColor;
				CODE_SIGN_STYLE = Automatic;
				CURRENT_PROJECT_VERSION = 1;
				DEVELOPMENT_ASSET_PATHS = "\"iBecher/Preview Content\"";
				DEVELOPMENT_TEAM = H7X3PKN5TK;
				ENABLE_PREVIEWS = YES;
				GENERATE_INFOPLIST_FILE = YES;
				INFOPLIST_FILE = iBecher/Info.plist;
				INFOPLIST_KEY_LSApplicationCategoryType = "";
				INFOPLIST_KEY_NSCameraUsageDescription = "Bevor ich dir sagen kann, ob deine Tasse in den Automaten passt, brauche ich Zugriff auf deine Kamera.";
				INFOPLIST_KEY_UIApplicationSceneManifest_Generation = YES;
				INFOPLIST_KEY_UIApplicationSupportsIndirectInputEvents = YES;
				INFOPLIST_KEY_UILaunchScreen_Generation = YES;
				INFOPLIST_KEY_UIRequiredDeviceCapabilities = arkit;
				INFOPLIST_KEY_UISupportedInterfaceOrientations_iPad = "UIInterfaceOrientationPortrait UIInterfaceOrientationPortraitUpsideDown UIInterfaceOrientationLandscapeLeft UIInterfaceOrientationLandscapeRight";
				INFOPLIST_KEY_UISupportedInterfaceOrientations_iPhone = "UIInterfaceOrientationPortrait UIInterfaceOrientationLandscapeLeft UIInterfaceOrientationLandscapeRight";
				LD_RUNPATH_SEARCH_PATHS = (
					"$(inherited)",
					"@executable_path/Frameworks",
				);
				MARKETING_VERSION = 1.0;
				PRODUCT_BUNDLE_IDENTIFIER = timwagner.iBecher;
				PRODUCT_NAME = "$(TARGET_NAME)";
				SWIFT_EMIT_LOC_STRINGS = YES;
				SWIFT_VERSION = 5.0;
				TARGETED_DEVICE_FAMILY = "1,2";
			};
			name = Release;
		};
/* End XCBuildConfiguration section */

/* Begin XCConfigurationList section */
		577D281229341F840076A691 /* Build configuration list for PBXProject "iBecher" */ = {
			isa = XCConfigurationList;
			buildConfigurations = (
				577D282329341F850076A691 /* Debug */,
				577D282429341F850076A691 /* Release */,
			);
			defaultConfigurationIsVisible = 0;
			defaultConfigurationName = Release;
		};
		577D282529341F850076A691 /* Build configuration list for PBXNativeTarget "iBecher" */ = {
			isa = XCConfigurationList;
			buildConfigurations = (
				577D282629341F850076A691 /* Debug */,
				577D282729341F850076A691 /* Release */,
			);
			defaultConfigurationIsVisible = 0;
			defaultConfigurationName = Release;
		};
/* End XCConfigurationList section */
	};
	rootObject = 577D280F29341F840076A691 /* Project object */;
}
